// !$*UTF8*$!
{
	archiveVersion = 1;
	classes = {
	};
	objectVersion = 77;
	objects = {

/* Begin PBXBuildFile section */
		C7C03FC12E3CFE6200CC152C /* Logic.framework in Frameworks */ = {isa = PBXBuildFile; fileRef = C78A46E32E3CF98000F3D3D2 /* Logic.framework */; };
		C7C03FC22E3CFE6200CC152C /* Logic.framework in Embed Frameworks */ = {isa = PBXBuildFile; fileRef = C78A46E32E3CF98000F3D3D2 /* Logic.framework */; settings = {ATTRIBUTES = (CodeSignOnCopy, RemoveHeadersOnCopy, ); }; };
		C7C03FC32E3CFEF200CC152C /* DataLayer.framework in Frameworks */ = {isa = PBXBuildFile; fileRef = C7C03FBE2E3CFE5D00CC152C /* DataLayer.framework */; };
		C7C03FC42E3CFEF200CC152C /* DataLayer.framework in Embed Frameworks */ = {isa = PBXBuildFile; fileRef = C7C03FBE2E3CFE5D00CC152C /* DataLayer.framework */; settings = {ATTRIBUTES = (RemoveHeadersOnCopy, ); }; };
		C7C03FC62E3CFFA000CC152C /* Model.framework in Frameworks */ = {isa = PBXBuildFile; fileRef = C7C03FC52E3CFFA000CC152C /* Model.framework */; };
		C7C03FC72E3CFFA000CC152C /* Model.framework in Embed Frameworks */ = {isa = PBXBuildFile; fileRef = C7C03FC52E3CFFA000CC152C /* Model.framework */; settings = {ATTRIBUTES = (RemoveHeadersOnCopy, ); }; };
/* End PBXBuildFile section */

/* Begin PBXContainerItemProxy section */
		C733FF672E3CF61D008F76DC /* PBXContainerItemProxy */ = {
			isa = PBXContainerItemProxy;
			containerPortal = C733FF4F2E3CF61B008F76DC /* Project object */;
			proxyType = 1;
			remoteGlobalIDString = C733FF562E3CF61B008F76DC;
			remoteInfo = SibAppTask;
		};
		C733FF712E3CF61D008F76DC /* PBXContainerItemProxy */ = {
			isa = PBXContainerItemProxy;
			containerPortal = C733FF4F2E3CF61B008F76DC /* Project object */;
			proxyType = 1;
			remoteGlobalIDString = C733FF562E3CF61B008F76DC;
			remoteInfo = SibAppTask;
		};
/* End PBXContainerItemProxy section */

/* Begin PBXCopyFilesBuildPhase section */
		C78A46E62E3CF98000F3D3D2 /* Embed Frameworks */ = {
			isa = PBXCopyFilesBuildPhase;
			buildActionMask = 2147483647;
			dstPath = "";
			dstSubfolderSpec = 10;
			files = (
				C7C03FC42E3CFEF200CC152C /* DataLayer.framework in Embed Frameworks */,
				C7C03FC72E3CFFA000CC152C /* Model.framework in Embed Frameworks */,
				C7C03FC22E3CFE6200CC152C /* Logic.framework in Embed Frameworks */,
			);
			name = "Embed Frameworks";
			runOnlyForDeploymentPostprocessing = 0;
		};
/* End PBXCopyFilesBuildPhase section */

/* Begin PBXFileReference section */
		C733FF572E3CF61B008F76DC /* SibAppTask.app */ = {isa = PBXFileReference; explicitFileType = wrapper.application; includeInIndex = 0; path = SibAppTask.app; sourceTree = BUILT_PRODUCTS_DIR; };
		C733FF662E3CF61D008F76DC /* SibAppTaskTests.xctest */ = {isa = PBXFileReference; explicitFileType = wrapper.cfbundle; includeInIndex = 0; path = SibAppTaskTests.xctest; sourceTree = BUILT_PRODUCTS_DIR; };
		C733FF702E3CF61D008F76DC /* SibAppTaskUITests.xctest */ = {isa = PBXFileReference; explicitFileType = wrapper.cfbundle; includeInIndex = 0; path = SibAppTaskUITests.xctest; sourceTree = BUILT_PRODUCTS_DIR; };
		C78A46E32E3CF98000F3D3D2 /* Logic.framework */ = {isa = PBXFileReference; explicitFileType = wrapper.framework; path = Logic.framework; sourceTree = BUILT_PRODUCTS_DIR; };
		C7C03FBE2E3CFE5D00CC152C /* DataLayer.framework */ = {isa = PBXFileReference; explicitFileType = wrapper.framework; path = DataLayer.framework; sourceTree = BUILT_PRODUCTS_DIR; };
		C7C03FC52E3CFFA000CC152C /* Model.framework */ = {isa = PBXFileReference; explicitFileType = wrapper.framework; path = Model.framework; sourceTree = BUILT_PRODUCTS_DIR; };
/* End PBXFileReference section */

/* Begin PBXFileSystemSynchronizedRootGroup section */
		C733FF592E3CF61B008F76DC /* SibAppTask */ = {
			isa = PBXFileSystemSynchronizedRootGroup;
			path = SibAppTask;
			sourceTree = "<group>";
		};
		C733FF692E3CF61D008F76DC /* SibAppTaskTests */ = {
			isa = PBXFileSystemSynchronizedRootGroup;
			path = SibAppTaskTests;
			sourceTree = "<group>";
		};
		C733FF732E3CF61D008F76DC /* SibAppTaskUITests */ = {
			isa = PBXFileSystemSynchronizedRootGroup;
			path = SibAppTaskUITests;
			sourceTree = "<group>";
		};
/* End PBXFileSystemSynchronizedRootGroup section */

/* Begin PBXFrameworksBuildPhase section */
		C733FF542E3CF61B008F76DC /* Frameworks */ = {
			isa = PBXFrameworksBuildPhase;
			buildActionMask = 2147483647;
			files = (
				C7C03FC32E3CFEF200CC152C /* DataLayer.framework in Frameworks */,
				C7C03FC62E3CFFA000CC152C /* Model.framework in Frameworks */,
				C7C03FC12E3CFE6200CC152C /* Logic.framework in Frameworks */,
			);
			runOnlyForDeploymentPostprocessing = 0;
		};
		C733FF632E3CF61D008F76DC /* Frameworks */ = {
			isa = PBXFrameworksBuildPhase;
			buildActionMask = 2147483647;
			files = (
			);
			runOnlyForDeploymentPostprocessing = 0;
		};
		C733FF6D2E3CF61D008F76DC /* Frameworks */ = {
			isa = PBXFrameworksBuildPhase;
			buildActionMask = 2147483647;
			files = (
			);
			runOnlyForDeploymentPostprocessing = 0;
		};
/* End PBXFrameworksBuildPhase section */

/* Begin PBXGroup section */
		C733FF4E2E3CF61B008F76DC = {
			isa = PBXGroup;
			children = (
				C733FF592E3CF61B008F76DC /* SibAppTask */,
				C733FF692E3CF61D008F76DC /* SibAppTaskTests */,
				C733FF732E3CF61D008F76DC /* SibAppTaskUITests */,
				C78A46E22E3CF98000F3D3D2 /* Frameworks */,
				C733FF582E3CF61B008F76DC /* Products */,
			);
			sourceTree = "<group>";
		};
		C733FF582E3CF61B008F76DC /* Products */ = {
			isa = PBXGroup;
			children = (
				C733FF572E3CF61B008F76DC /* SibAppTask.app */,
				C733FF662E3CF61D008F76DC /* SibAppTaskTests.xctest */,
				C733FF702E3CF61D008F76DC /* SibAppTaskUITests.xctest */,
			);
			name = Products;
			sourceTree = "<group>";
		};
		C78A46E22E3CF98000F3D3D2 /* Frameworks */ = {
			isa = PBXGroup;
			children = (
				C7C03FC52E3CFFA000CC152C /* Model.framework */,
				C7C03FBE2E3CFE5D00CC152C /* DataLayer.framework */,
				C78A46E32E3CF98000F3D3D2 /* Logic.framework */,
			);
			name = Frameworks;
			sourceTree = "<group>";
		};
/* End PBXGroup section */

/* Begin PBXNativeTarget section */
		C733FF562E3CF61B008F76DC /* SibAppTask */ = {
			isa = PBXNativeTarget;
			buildConfigurationList = C733FF7A2E3CF61D008F76DC /* Build configuration list for PBXNativeTarget "SibAppTask" */;
			buildPhases = (
				C733FF532E3CF61B008F76DC /* Sources */,
				C733FF542E3CF61B008F76DC /* Frameworks */,
				C733FF552E3CF61B008F76DC /* Resources */,
				C78A46E62E3CF98000F3D3D2 /* Embed Frameworks */,
			);
			buildRules = (
			);
			dependencies = (
			);
			fileSystemSynchronizedGroups = (
				C733FF592E3CF61B008F76DC /* SibAppTask */,
			);
			name = SibAppTask;
			packageProductDependencies = (
			);
			productName = SibAppTask;
			productReference = C733FF572E3CF61B008F76DC /* SibAppTask.app */;
			productType = "com.apple.product-type.application";
		};
		C733FF652E3CF61D008F76DC /* SibAppTaskTests */ = {
			isa = PBXNativeTarget;
			buildConfigurationList = C733FF7D2E3CF61D008F76DC /* Build configuration list for PBXNativeTarget "SibAppTaskTests" */;
			buildPhases = (
				C733FF622E3CF61D008F76DC /* Sources */,
				C733FF632E3CF61D008F76DC /* Frameworks */,
				C733FF642E3CF61D008F76DC /* Resources */,
			);
			buildRules = (
			);
			dependencies = (
				C733FF682E3CF61D008F76DC /* PBXTargetDependency */,
			);
			fileSystemSynchronizedGroups = (
				C733FF692E3CF61D008F76DC /* SibAppTaskTests */,
			);
			name = SibAppTaskTests;
			packageProductDependencies = (
			);
			productName = SibAppTaskTests;
			productReference = C733FF662E3CF61D008F76DC /* SibAppTaskTests.xctest */;
			productType = "com.apple.product-type.bundle.unit-test";
		};
		C733FF6F2E3CF61D008F76DC /* SibAppTaskUITests */ = {
			isa = PBXNativeTarget;
			buildConfigurationList = C733FF802E3CF61D008F76DC /* Build configuration list for PBXNativeTarget "SibAppTaskUITests" */;
			buildPhases = (
				C733FF6C2E3CF61D008F76DC /* Sources */,
				C733FF6D2E3CF61D008F76DC /* Frameworks */,
				C733FF6E2E3CF61D008F76DC /* Resources */,
			);
			buildRules = (
			);
			dependencies = (
				C733FF722E3CF61D008F76DC /* PBXTargetDependency */,
			);
			fileSystemSynchronizedGroups = (
				C733FF732E3CF61D008F76DC /* SibAppTaskUITests */,
			);
			name = SibAppTaskUITests;
			packageProductDependencies = (
			);
			productName = SibAppTaskUITests;
			productReference = C733FF702E3CF61D008F76DC /* SibAppTaskUITests.xctest */;
			productType = "com.apple.product-type.bundle.ui-testing";
		};
/* End PBXNativeTarget section */

/* Begin PBXProject section */
		C733FF4F2E3CF61B008F76DC /* Project object */ = {
			isa = PBXProject;
			attributes = {
				BuildIndependentTargetsInParallel = 1;
				LastSwiftUpdateCheck = 1630;
				LastUpgradeCheck = 1630;
				TargetAttributes = {
					C733FF562E3CF61B008F76DC = {
						CreatedOnToolsVersion = 16.3;
					};
					C733FF652E3CF61D008F76DC = {
						CreatedOnToolsVersion = 16.3;
						TestTargetID = C733FF562E3CF61B008F76DC;
					};
					C733FF6F2E3CF61D008F76DC = {
						CreatedOnToolsVersion = 16.3;
						TestTargetID = C733FF562E3CF61B008F76DC;
					};
				};
			};
			buildConfigurationList = C733FF522E3CF61B008F76DC /* Build configuration list for PBXProject "SibAppTask" */;
			developmentRegion = en;
			hasScannedForEncodings = 0;
			knownRegions = (
				en,
				Base,
			);
			mainGroup = C733FF4E2E3CF61B008F76DC;
			minimizedProjectReferenceProxies = 1;
			preferredProjectObjectVersion = 77;
			productRefGroup = C733FF582E3CF61B008F76DC /* Products */;
			projectDirPath = "";
			projectRoot = "";
			targets = (
				C733FF562E3CF61B008F76DC /* SibAppTask */,
				C733FF652E3CF61D008F76DC /* SibAppTaskTests */,
				C733FF6F2E3CF61D008F76DC /* SibAppTaskUITests */,
			);
		};
/* End PBXProject section */

/* Begin PBXResourcesBuildPhase section */
		C733FF552E3CF61B008F76DC /* Resources */ = {
			isa = PBXResourcesBuildPhase;
			buildActionMask = 2147483647;
			files = (
			);
			runOnlyForDeploymentPostprocessing = 0;
		};
		C733FF642E3CF61D008F76DC /* Resources */ = {
			isa = PBXResourcesBuildPhase;
			buildActionMask = 2147483647;
			files = (
			);
			runOnlyForDeploymentPostprocessing = 0;
		};
		C733FF6E2E3CF61D008F76DC /* Resources */ = {
			isa = PBXResourcesBuildPhase;
			buildActionMask = 2147483647;
			files = (
			);
			runOnlyForDeploymentPostprocessing = 0;
		};
/* End PBXResourcesBuildPhase section */

/* Begin PBXSourcesBuildPhase section */
		C733FF532E3CF61B008F76DC /* Sources */ = {
			isa = PBXSourcesBuildPhase;
			buildActionMask = 2147483647;
			files = (
			);
			runOnlyForDeploymentPostprocessing = 0;
		};
		C733FF622E3CF61D008F76DC /* Sources */ = {
			isa = PBXSourcesBuildPhase;
			buildActionMask = 2147483647;
			files = (
			);
			runOnlyForDeploymentPostprocessing = 0;
		};
		C733FF6C2E3CF61D008F76DC /* Sources */ = {
			isa = PBXSourcesBuildPhase;
			buildActionMask = 2147483647;
			files = (
			);
			runOnlyForDeploymentPostprocessing = 0;
		};
/* End PBXSourcesBuildPhase section */

/* Begin PBXTargetDependency section */
		C733FF682E3CF61D008F76DC /* PBXTargetDependency */ = {
			isa = PBXTargetDependency;
			target = C733FF562E3CF61B008F76DC /* SibAppTask */;
			targetProxy = C733FF672E3CF61D008F76DC /* PBXContainerItemProxy */;
		};
		C733FF722E3CF61D008F76DC /* PBXTargetDependency */ = {
			isa = PBXTargetDependency;
			target = C733FF562E3CF61B008F76DC /* SibAppTask */;
			targetProxy = C733FF712E3CF61D008F76DC /* PBXContainerItemProxy */;
		};
/* End PBXTargetDependency section */

/* Begin XCBuildConfiguration section */
		C733FF782E3CF61D008F76DC /* Debug */ = {
			isa = XCBuildConfiguration;
			buildSettings = {
				ALWAYS_SEARCH_USER_PATHS = NO;
				ASSETCATALOG_COMPILER_GENERATE_SWIFT_ASSET_SYMBOL_EXTENSIONS = YES;
				CLANG_ANALYZER_NONNULL = YES;
				CLANG_ANALYZER_NUMBER_OBJECT_CONVERSION = YES_AGGRESSIVE;
				CLANG_CXX_LANGUAGE_STANDARD = "gnu++20";
				CLANG_ENABLE_MODULES = YES;
				CLANG_ENABLE_OBJC_ARC = YES;
				CLANG_ENABLE_OBJC_WEAK = YES;
				CLANG_WARN_BLOCK_CAPTURE_AUTORELEASING = YES;
				CLANG_WARN_BOOL_CONVERSION = YES;
				CLANG_WARN_COMMA = YES;
				CLANG_WARN_CONSTANT_CONVERSION = YES;
				CLANG_WARN_DEPRECATED_OBJC_IMPLEMENTATIONS = YES;
				CLANG_WARN_DIRECT_OBJC_ISA_USAGE = YES_ERROR;
				CLANG_WARN_DOCUMENTATION_COMMENTS = YES;
				CLANG_WARN_EMPTY_BODY = YES;
				CLANG_WARN_ENUM_CONVERSION = YES;
				CLANG_WARN_INFINITE_RECURSION = YES;
				CLANG_WARN_INT_CONVERSION = YES;
				CLANG_WARN_NON_LITERAL_NULL_CONVERSION = YES;
				CLANG_WARN_OBJC_IMPLICIT_RETAIN_SELF = YES;
				CLANG_WARN_OBJC_LITERAL_CONVERSION = YES;
				CLANG_WARN_OBJC_ROOT_CLASS = YES_ERROR;
				CLANG_WARN_QUOTED_INCLUDE_IN_FRAMEWORK_HEADER = YES;
				CLANG_WARN_RANGE_LOOP_ANALYSIS = YES;
				CLANG_WARN_STRICT_PROTOTYPES = YES;
				CLANG_WARN_SUSPICIOUS_MOVE = YES;
				CLANG_WARN_UNGUARDED_AVAILABILITY = YES_AGGRESSIVE;
				CLANG_WARN_UNREACHABLE_CODE = YES;
				CLANG_WARN__DUPLICATE_METHOD_MATCH = YES;
				COPY_PHASE_STRIP = NO;
				DEBUG_INFORMATION_FORMAT = dwarf;
				DEVELOPMENT_TEAM = RNNVA29C6K;
				ENABLE_STRICT_OBJC_MSGSEND = YES;
				ENABLE_TESTABILITY = YES;
				ENABLE_USER_SCRIPT_SANDBOXING = YES;
				GCC_C_LANGUAGE_STANDARD = gnu17;
				GCC_DYNAMIC_NO_PIC = NO;
				GCC_NO_COMMON_BLOCKS = YES;
				GCC_OPTIMIZATION_LEVEL = 0;
				GCC_PREPROCESSOR_DEFINITIONS = (
					"DEBUG=1",
					"$(inherited)",
				);
				GCC_WARN_64_TO_32_BIT_CONVERSION = YES;
				GCC_WARN_ABOUT_RETURN_TYPE = YES_ERROR;
				GCC_WARN_UNDECLARED_SELECTOR = YES;
				GCC_WARN_UNINITIALIZED_AUTOS = YES_AGGRESSIVE;
				GCC_WARN_UNUSED_FUNCTION = YES;
				GCC_WARN_UNUSED_VARIABLE = YES;
				IPHONEOS_DEPLOYMENT_TARGET = 18.4;
				LOCALIZATION_PREFERS_STRING_CATALOGS = YES;
				MTL_ENABLE_DEBUG_INFO = INCLUDE_SOURCE;
				MTL_FAST_MATH = YES;
				ONLY_ACTIVE_ARCH = YES;
				SDKROOT = iphoneos;
				SWIFT_ACTIVE_COMPILATION_CONDITIONS = "DEBUG $(inherited)";
				SWIFT_OPTIMIZATION_LEVEL = "-Onone";
			};
			name = Debug;
		};
		C733FF792E3CF61D008F76DC /* Release */ = {
			isa = XCBuildConfiguration;
			buildSettings = {
				ALWAYS_SEARCH_USER_PATHS = NO;
				ASSETCATALOG_COMPILER_GENERATE_SWIFT_ASSET_SYMBOL_EXTENSIONS = YES;
				CLANG_ANALYZER_NONNULL = YES;
				CLANG_ANALYZER_NUMBER_OBJECT_CONVERSION = YES_AGGRESSIVE;
				CLANG_CXX_LANGUAGE_STANDARD = "gnu++20";
				CLANG_ENABLE_MODULES = YES;
				CLANG_ENABLE_OBJC_ARC = YES;
				CLANG_ENABLE_OBJC_WEAK = YES;
				CLANG_WARN_BLOCK_CAPTURE_AUTORELEASING = YES;
				CLANG_WARN_BOOL_CONVERSION = YES;
				CLANG_WARN_COMMA = YES;
				CLANG_WARN_CONSTANT_CONVERSION = YES;
				CLANG_WARN_DEPRECATED_OBJC_IMPLEMENTATIONS = YES;
				CLANG_WARN_DIRECT_OBJC_ISA_USAGE = YES_ERROR;
				CLANG_WARN_DOCUMENTATION_COMMENTS = YES;
				CLANG_WARN_EMPTY_BODY = YES;
				CLANG_WARN_ENUM_CONVERSION = YES;
				CLANG_WARN_INFINITE_RECURSION = YES;
				CLANG_WARN_INT_CONVERSION = YES;
				CLANG_WARN_NON_LITERAL_NULL_CONVERSION = YES;
				CLANG_WARN_OBJC_IMPLICIT_RETAIN_SELF = YES;
				CLANG_WARN_OBJC_LITERAL_CONVERSION = YES;
				CLANG_WARN_OBJC_ROOT_CLASS = YES_ERROR;
				CLANG_WARN_QUOTED_INCLUDE_IN_FRAMEWORK_HEADER = YES;
				CLANG_WARN_RANGE_LOOP_ANALYSIS = YES;
				CLANG_WARN_STRICT_PROTOTYPES = YES;
				CLANG_WARN_SUSPICIOUS_MOVE = YES;
				CLANG_WARN_UNGUARDED_AVAILABILITY = YES_AGGRESSIVE;
				CLANG_WARN_UNREACHABLE_CODE = YES;
				CLANG_WARN__DUPLICATE_METHOD_MATCH = YES;
				COPY_PHASE_STRIP = NO;
				DEBUG_INFORMATION_FORMAT = "dwarf-with-dsym";
				DEVELOPMENT_TEAM = RNNVA29C6K;
				ENABLE_NS_ASSERTIONS = NO;
				ENABLE_STRICT_OBJC_MSGSEND = YES;
				ENABLE_USER_SCRIPT_SANDBOXING = YES;
				GCC_C_LANGUAGE_STANDARD = gnu17;
				GCC_NO_COMMON_BLOCKS = YES;
				GCC_WARN_64_TO_32_BIT_CONVERSION = YES;
				GCC_WARN_ABOUT_RETURN_TYPE = YES_ERROR;
				GCC_WARN_UNDECLARED_SELECTOR = YES;
				GCC_WARN_UNINITIALIZED_AUTOS = YES_AGGRESSIVE;
				GCC_WARN_UNUSED_FUNCTION = YES;
				GCC_WARN_UNUSED_VARIABLE = YES;
				IPHONEOS_DEPLOYMENT_TARGET = 18.4;
				LOCALIZATION_PREFERS_STRING_CATALOGS = YES;
				MTL_ENABLE_DEBUG_INFO = NO;
				MTL_FAST_MATH = YES;
				SDKROOT = iphoneos;
				SWIFT_COMPILATION_MODE = wholemodule;
				VALIDATE_PRODUCT = YES;
			};
			name = Release;
		};
		C733FF7B2E3CF61D008F76DC /* Debug */ = {
			isa = XCBuildConfiguration;
			buildSettings = {
				ASSETCATALOG_COMPILER_APPICON_NAME = AppIcon;
				ASSETCATALOG_COMPILER_GLOBAL_ACCENT_COLOR_NAME = AccentColor;
				CODE_SIGN_STYLE = Automatic;
				CURRENT_PROJECT_VERSION = 1;
				DEVELOPMENT_TEAM = H7X787NVKJ;
				ENABLE_PREVIEWS = YES;
				GENERATE_INFOPLIST_FILE = YES;
				INFOPLIST_KEY_UIApplicationSceneManifest_Generation = YES;
				INFOPLIST_KEY_UIApplicationSupportsIndirectInputEvents = YES;
				INFOPLIST_KEY_UILaunchScreen_Generation = YES;
				INFOPLIST_KEY_UISupportedInterfaceOrientations_iPad = "UIInterfaceOrientationPortrait UIInterfaceOrientationPortraitUpsideDown UIInterfaceOrientationLandscapeLeft UIInterfaceOrientationLandscapeRight";
				INFOPLIST_KEY_UISupportedInterfaceOrientations_iPhone = "UIInterfaceOrientationPortrait UIInterfaceOrientationLandscapeLeft UIInterfaceOrientationLandscapeRight";
				IPHONEOS_DEPLOYMENT_TARGET = 18.0;
				LD_RUNPATH_SEARCH_PATHS = (
					"$(inherited)",
					"@executable_path/Frameworks",
				);
				MARKETING_VERSION = 1.0;
				PRODUCT_BUNDLE_IDENTIFIER = com.persuara.SibAppTask;
				PRODUCT_NAME = "$(TARGET_NAME)";
				SWIFT_EMIT_LOC_STRINGS = YES;
				SWIFT_VERSION = 5.0;
				TARGETED_DEVICE_FAMILY = "1,2";
			};
			name = Debug;
		};
		C733FF7C2E3CF61D008F76DC /* Release */ = {
			isa = XCBuildConfiguration;
			buildSettings = {
				ASSETCATALOG_COMPILER_APPICON_NAME = AppIcon;
				ASSETCATALOG_COMPILER_GLOBAL_ACCENT_COLOR_NAME = AccentColor;
				CODE_SIGN_STYLE = Automatic;
				CURRENT_PROJECT_VERSION = 1;
				DEVELOPMENT_TEAM = H7X787NVKJ;
				ENABLE_PREVIEWS = YES;
				GENERATE_INFOPLIST_FILE = YES;
				INFOPLIST_KEY_UIApplicationSceneManifest_Generation = YES;
				INFOPLIST_KEY_UIApplicationSupportsIndirectInputEvents = YES;
				INFOPLIST_KEY_UILaunchScreen_Generation = YES;
				INFOPLIST_KEY_UISupportedInterfaceOrientations_iPad = "UIInterfaceOrientationPortrait UIInterfaceOrientationPortraitUpsideDown UIInterfaceOrientationLandscapeLeft UIInterfaceOrientationLandscapeRight";
				INFOPLIST_KEY_UISupportedInterfaceOrientations_iPhone = "UIInterfaceOrientationPortrait UIInterfaceOrientationLandscapeLeft UIInterfaceOrientationLandscapeRight";
				IPHONEOS_DEPLOYMENT_TARGET = 18.0;
				LD_RUNPATH_SEARCH_PATHS = (
					"$(inherited)",
					"@executable_path/Frameworks",
				);
				MARKETING_VERSION = 1.0;
				PRODUCT_BUNDLE_IDENTIFIER = com.persuara.SibAppTask;
				PRODUCT_NAME = "$(TARGET_NAME)";
				SWIFT_EMIT_LOC_STRINGS = YES;
				SWIFT_VERSION = 5.0;
				TARGETED_DEVICE_FAMILY = "1,2";
			};
			name = Release;
		};
		C733FF7E2E3CF61D008F76DC /* Debug */ = {
			isa = XCBuildConfiguration;
			buildSettings = {
				BUNDLE_LOADER = "$(TEST_HOST)";
				CODE_SIGN_STYLE = Automatic;
				CURRENT_PROJECT_VERSION = 1;
				DEVELOPMENT_TEAM = RNNVA29C6K;
				GENERATE_INFOPLIST_FILE = YES;
				IPHONEOS_DEPLOYMENT_TARGET = 18.4;
				MARKETING_VERSION = 1.0;
				PRODUCT_BUNDLE_IDENTIFIER = com.persuara.SibAppTaskTests;
				PRODUCT_NAME = "$(TARGET_NAME)";
				SWIFT_EMIT_LOC_STRINGS = NO;
				SWIFT_VERSION = 5.0;
				TARGETED_DEVICE_FAMILY = "1,2";
				TEST_HOST = "$(BUILT_PRODUCTS_DIR)/SibAppTask.app/$(BUNDLE_EXECUTABLE_FOLDER_PATH)/SibAppTask";
			};
			name = Debug;
		};
		C733FF7F2E3CF61D008F76DC /* Release */ = {
			isa = XCBuildConfiguration;
			buildSettings = {
				BUNDLE_LOADER = "$(TEST_HOST)";
				CODE_SIGN_STYLE = Automatic;
				CURRENT_PROJECT_VERSION = 1;
				DEVELOPMENT_TEAM = RNNVA29C6K;
				GENERATE_INFOPLIST_FILE = YES;
				IPHONEOS_DEPLOYMENT_TARGET = 18.4;
				MARKETING_VERSION = 1.0;
				PRODUCT_BUNDLE_IDENTIFIER = com.persuara.SibAppTaskTests;
				PRODUCT_NAME = "$(TARGET_NAME)";
				SWIFT_EMIT_LOC_STRINGS = NO;
				SWIFT_VERSION = 5.0;
				TARGETED_DEVICE_FAMILY = "1,2";
				TEST_HOST = "$(BUILT_PRODUCTS_DIR)/SibAppTask.app/$(BUNDLE_EXECUTABLE_FOLDER_PATH)/SibAppTask";
			};
			name = Release;
		};
		C733FF812E3CF61D008F76DC /* Debug */ = {
			isa = XCBuildConfiguration;
			buildSettings = {
				CODE_SIGN_STYLE = Automatic;
				CURRENT_PROJECT_VERSION = 1;
				DEVELOPMENT_TEAM = RNNVA29C6K;
				GENERATE_INFOPLIST_FILE = YES;
				MARKETING_VERSION = 1.0;
				PRODUCT_BUNDLE_IDENTIFIER = com.persuara.SibAppTaskUITests;
				PRODUCT_NAME = "$(TARGET_NAME)";
				SWIFT_EMIT_LOC_STRINGS = NO;
				SWIFT_VERSION = 5.0;
				TARGETED_DEVICE_FAMILY = "1,2";
				TEST_TARGET_NAME = SibAppTask;
			};
			name = Debug;
		};
		C733FF822E3CF61D008F76DC /* Release */ = {
			isa = XCBuildConfiguration;
			buildSettings = {
				CODE_SIGN_STYLE = Automatic;
				CURRENT_PROJECT_VERSION = 1;
				DEVELOPMENT_TEAM = RNNVA29C6K;
				GENERATE_INFOPLIST_FILE = YES;
				MARKETING_VERSION = 1.0;
				PRODUCT_BUNDLE_IDENTIFIER = com.persuara.SibAppTaskUITests;
				PRODUCT_NAME = "$(TARGET_NAME)";
				SWIFT_EMIT_LOC_STRINGS = NO;
				SWIFT_VERSION = 5.0;
				TARGETED_DEVICE_FAMILY = "1,2";
				TEST_TARGET_NAME = SibAppTask;
			};
			name = Release;
		};
/* End XCBuildConfiguration section */

/* Begin XCConfigurationList section */
		C733FF522E3CF61B008F76DC /* Build configuration list for PBXProject "SibAppTask" */ = {
			isa = XCConfigurationList;
			buildConfigurations = (
				C733FF782E3CF61D008F76DC /* Debug */,
				C733FF792E3CF61D008F76DC /* Release */,
			);
			defaultConfigurationIsVisible = 0;
			defaultConfigurationName = Release;
		};
		C733FF7A2E3CF61D008F76DC /* Build configuration list for PBXNativeTarget "SibAppTask" */ = {
			isa = XCConfigurationList;
			buildConfigurations = (
				C733FF7B2E3CF61D008F76DC /* Debug */,
				C733FF7C2E3CF61D008F76DC /* Release */,
			);
			defaultConfigurationIsVisible = 0;
			defaultConfigurationName = Release;
		};
		C733FF7D2E3CF61D008F76DC /* Build configuration list for PBXNativeTarget "SibAppTaskTests" */ = {
			isa = XCConfigurationList;
			buildConfigurations = (
				C733FF7E2E3CF61D008F76DC /* Debug */,
				C733FF7F2E3CF61D008F76DC /* Release */,
			);
			defaultConfigurationIsVisible = 0;
			defaultConfigurationName = Release;
		};
		C733FF802E3CF61D008F76DC /* Build configuration list for PBXNativeTarget "SibAppTaskUITests" */ = {
			isa = XCConfigurationList;
			buildConfigurations = (
				C733FF812E3CF61D008F76DC /* Debug */,
				C733FF822E3CF61D008F76DC /* Release */,
			);
			defaultConfigurationIsVisible = 0;
			defaultConfigurationName = Release;
		};
/* End XCConfigurationList section */
	};
	rootObject = C733FF4F2E3CF61B008F76DC /* Project object */;
}
